
Microsoft Visual Studio Solution File, Format Version 12.00
# Visual Studio 15
VisualStudioVersion = 15.0.28010.2026
MinimumVisualStudioVersion = 10.0.40219.1
Project("{9A19103F-16F7-4668-BE54-9A1E7A4F7556}") = "RaLisp", "RaLisp\RaLisp.csproj", "{B8699268-CF2B-4386-8795-F3933E0D109B}"
EndProject
Project("{9A19103F-16F7-4668-BE54-9A1E7A4F7556}") = "RaLispTests", "RaLispTests\RaLispTests.csproj", "{182AAF7D-DDBC-46F1-B70A-5E2031850870}"
EndProject
Global
	GlobalSection(SolutionConfigurationPlatforms) = preSolution
		Debug|Any CPU = Debug|Any CPU
		Release|Any CPU = Release|Any CPU
	EndGlobalSection
	GlobalSection(ProjectConfigurationPlatforms) = postSolution
		{B8699268-CF2B-4386-8795-F3933E0D109B}.Debug|Any CPU.ActiveCfg = Debug|Any CPU
		{B8699268-CF2B-4386-8795-F3933E0D109B}.Debug|Any CPU.Build.0 = Debug|Any CPU
		{B8699268-CF2B-4386-8795-F3933E0D109B}.Release|Any CPU.ActiveCfg = Release|Any CPU
		{B8699268-CF2B-4386-8795-F3933E0D109B}.Release|Any CPU.Build.0 = Release|Any CPU
		{182AAF7D-DDBC-46F1-B70A-5E2031850870}.Debug|Any CPU.ActiveCfg = Debug|Any CPU
		{182AAF7D-DDBC-46F1-B70A-5E2031850870}.Debug|Any CPU.Build.0 = Debug|Any CPU
		{182AAF7D-DDBC-46F1-B70A-5E2031850870}.Release|Any CPU.ActiveCfg = Release|Any CPU
		{182AAF7D-DDBC-46F1-B70A-5E2031850870}.Release|Any CPU.Build.0 = Release|Any CPU
	EndGlobalSection
	GlobalSection(SolutionProperties) = preSolution
		HideSolutionNode = FALSE
	EndGlobalSection
	GlobalSection(ExtensibilityGlobals) = postSolution
		SolutionGuid = {BF33285C-F86D-4E8D-B209-B69FCF8B9880}
	EndGlobalSection
EndGlobal
